
Microsoft Visual Studio Solution File, Format Version 12.00
# Visual Studio Version 16
VisualStudioVersion = 16.0.29613.14
MinimumVisualStudioVersion = 10.0.40219.1
Project("{FAE04EC0-301F-11D3-BF4B-00C04F79EFBC}") = "WinApp3_6", "WinApp3_6\WinApp3_6.csproj", "{04F3DB5D-6F2B-41F1-9A4E-D97CA10246F2}"
EndProject
Global
	GlobalSection(SolutionConfigurationPlatforms) = preSolution
		Debug|Any CPU = Debug|Any CPU
		Release|Any CPU = Release|Any CPU
	EndGlobalSection
	GlobalSection(ProjectConfigurationPlatforms) = postSolution
		{04F3DB5D-6F2B-41F1-9A4E-D97CA10246F2}.Debug|Any CPU.ActiveCfg = Debug|Any CPU
		{04F3DB5D-6F2B-41F1-9A4E-D97CA10246F2}.Debug|Any CPU.Build.0 = Debug|Any CPU
		{04F3DB5D-6F2B-41F1-9A4E-D97CA10246F2}.Release|Any CPU.ActiveCfg = Release|Any CPU
		{04F3DB5D-6F2B-41F1-9A4E-D97CA10246F2}.Release|Any CPU.Build.0 = Release|Any CPU
	EndGlobalSection
	GlobalSection(SolutionProperties) = preSolution
		HideSolutionNode = FALSE
	EndGlobalSection
	GlobalSection(ExtensibilityGlobals) = postSolution
		SolutionGuid = {852885CD-8583-41F5-BF26-32FACE3F0C8E}
	EndGlobalSection
EndGlobal
