
Microsoft Visual Studio Solution File, Format Version 12.00
# Visual Studio Version 16
VisualStudioVersion = 16.0.29613.14
MinimumVisualStudioVersion = 10.0.40219.1
Project("{FAE04EC0-301F-11D3-BF4B-00C04F79EFBC}") = "ASPpract7", "ASPpract7\ASPpract7.csproj", "{FE321465-F68F-4F6E-BF6D-A5D5E39F6394}"
EndProject
Global
	GlobalSection(SolutionConfigurationPlatforms) = preSolution
		Debug|Any CPU = Debug|Any CPU
		Release|Any CPU = Release|Any CPU
	EndGlobalSection
	GlobalSection(ProjectConfigurationPlatforms) = postSolution
		{FE321465-F68F-4F6E-BF6D-A5D5E39F6394}.Debug|Any CPU.ActiveCfg = Debug|Any CPU
		{FE321465-F68F-4F6E-BF6D-A5D5E39F6394}.Debug|Any CPU.Build.0 = Debug|Any CPU
		{FE321465-F68F-4F6E-BF6D-A5D5E39F6394}.Release|Any CPU.ActiveCfg = Release|Any CPU
		{FE321465-F68F-4F6E-BF6D-A5D5E39F6394}.Release|Any CPU.Build.0 = Release|Any CPU
	EndGlobalSection
	GlobalSection(SolutionProperties) = preSolution
		HideSolutionNode = FALSE
	EndGlobalSection
	GlobalSection(ExtensibilityGlobals) = postSolution
		SolutionGuid = {C089F8F8-AE49-48B3-97DD-001013479F9D}
	EndGlobalSection
EndGlobal
